{
  "name": "todelete",
  "version": "1.0.0",
  "lockfileVersion": 1,
  "requires": true,
  "dependencies": {
    "@babel/code-frame": {
      "version": "7.5.5",
      "resolved": "https://artifactory.ib-ci.com/artifactory/api/npm/npm-release/@babel/code-frame/-/code-frame-7.5.5.tgz",
      "integrity": "sha1-vAeC9tafe31JUxIZaZuYj2aaj50=",
      "requires": {
        "@babel/highlight": "^7.0.0"
      }
    },
    "@babel/highlight": {
      "version": "7.5.0",
      "resolved": "https://artifactory.ib-ci.com/artifactory/api/npm/npm-release/@babel/highlight/-/highlight-7.5.0.tgz",
      "integrity": "sha1-VtETEr2SSPphlZHQJHK+boyzJUA=",
      "requires": {
        "chalk": "^2.0.0",
        "esutils": "^2.0.2",
        "js-tokens": "^4.0.0"
      }
    },
    "@types/normalize-package-data": {
      "version": "2.4.0",
      "resolved": "https://artifactory.ib-ci.com/artifactory/api/npm/npm-release/@types/normalize-package-data/-/normalize-package-data-2.4.0.tgz",
      "integrity": "sha1-5IbQ2XOW15vu3QpuM/RTT/a0lz4="
    },
    "after-all-results": {
      "version": "2.0.0",
      "resolved": "https://artifactory.ib-ci.com/artifactory/api/npm/npm-release/after-all-results/-/after-all-results-2.0.0.tgz",
      "integrity": "sha1-asL8ICtQD4jaj09VMM+hAPTGotA="
    },
    "ansi-styles": {
      "version": "3.2.1",
      "resolved": "https://artifactory.ib-ci.com/artifactory/api/npm/npm-release/ansi-styles/-/ansi-styles-3.2.1.tgz",
      "integrity": "sha1-QfuyAkPlCxK+DwS43tvwdSDOhB0=",
      "requires": {
        "color-convert": "^1.9.0"
      }
    },
    "async-cache": {
      "version": "1.1.0",
      "resolved": "https://artifactory.ib-ci.com/artifactory/api/npm/npm-release/async-cache/-/async-cache-1.1.0.tgz",
      "integrity": "sha1-SppaidBl7F2OUlS9nulrp2xTK1o=",
      "requires": {
        "lru-cache": "^4.0.0"
      }
    },
    "async-value": {
      "version": "1.2.2",
      "resolved": "https://artifactory.ib-ci.com/artifactory/api/npm/npm-release/async-value/-/async-value-1.2.2.tgz",
      "integrity": "sha1-hFF6Hny2saW14YH6Mb4QQ3t/sSU="
    },
    "async-value-promise": {
      "version": "1.1.1",
      "resolved": "https://artifactory.ib-ci.com/artifactory/api/npm/npm-release/async-value-promise/-/async-value-promise-1.1.1.tgz",
      "integrity": "sha1-aJV4GePqzoBPO0tpR34r0nbBU3g=",
      "requires": {
        "async-value": "^1.2.2"
      }
    },
    "await-event": {
      "version": "2.1.0",
      "resolved": "https://artifactory.ib-ci.com/artifactory/api/npm/npm-release/await-event/-/await-event-2.1.0.tgz",
      "integrity": "sha1-eOn5JoS65AIvn6C18xShFVD5qnY="
    },
    "basic-auth": {
      "version": "2.0.1",
      "resolved": "https://artifactory.ib-ci.com/artifactory/api/npm/npm-release/basic-auth/-/basic-auth-2.0.1.tgz",
      "integrity": "sha1-uZgnm/R844NEtPPPkW1Gebv1Hjo=",
      "requires": {
        "safe-buffer": "5.1.2"
      }
    },
    "binary-search": {
      "version": "1.3.6",
      "resolved": "https://artifactory.ib-ci.com/artifactory/api/npm/npm-release/binary-search/-/binary-search-1.3.6.tgz",
      "integrity": "sha1-4yQmAWoMUJLw81mINqHH2jVgVlw="
    },
    "breadth-filter": {
      "version": "2.0.0",
      "resolved": "https://artifactory.ib-ci.com/artifactory/api/npm/npm-release/breadth-filter/-/breadth-filter-2.0.0.tgz",
      "integrity": "sha1-ez+HN/RroZRq7Bk1Xs9d8r235Hw=",
      "requires": {
        "object.entries": "^1.0.4"
      }
    },
    "chalk": {
      "version": "2.4.2",
      "resolved": "https://artifactory.ib-ci.com/artifactory/api/npm/npm-release/chalk/-/chalk-2.4.2.tgz",
      "integrity": "sha1-zUJUFnelQzPPVBpJEIwUMrRMlCQ=",
      "requires": {
        "ansi-styles": "^3.2.1",
        "escape-string-regexp": "^1.0.5",
        "supports-color": "^5.3.0"
      }
    },
    "color-convert": {
      "version": "1.9.3",
      "resolved": "https://artifactory.ib-ci.com/artifactory/api/npm/npm-release/color-convert/-/color-convert-1.9.3.tgz",
      "integrity": "sha1-u3GFBpDh8TZWfeYp0tVHHe2kweg=",
      "requires": {
        "color-name": "1.1.3"
      }
    },
    "color-name": {
      "version": "1.1.3",
      "resolved": "https://artifactory.ib-ci.com/artifactory/api/npm/npm-release/color-name/-/color-name-1.1.3.tgz",
      "integrity": "sha1-p9BVi9icQveV3UIyj3QIMcpTvCU="
    },
    "console-log-level": {
      "version": "1.4.1",
      "resolved": "https://artifactory.ib-ci.com/artifactory/api/npm/npm-release/console-log-level/-/console-log-level-1.4.1.tgz",
      "integrity": "sha1-nFprue8e9lsFq6gwKLD/iUzfYwo="
    },
    "container-info": {
      "version": "1.0.1",
      "resolved": "https://artifactory.ib-ci.com/artifactory/api/npm/npm-release/container-info/-/container-info-1.0.1.tgz",
      "integrity": "sha1-azg8teGXyNkh6ImDOI+ssEEktWs="
    },
    "cookie": {
      "version": "0.4.0",
      "resolved": "https://artifactory.ib-ci.com/artifactory/api/npm/npm-release/cookie/-/cookie-0.4.0.tgz",
      "integrity": "sha1-vrQ35wIrO21JAZ0IhmUwPr6cFLo="
    },
    "core-util-is": {
      "version": "1.0.2",
      "resolved": "https://artifactory.ib-ci.com/artifactory/api/npm/npm-release/core-util-is/-/core-util-is-1.0.2.tgz",
      "integrity": "sha1-tf1UIgqivFq1eqtxQMlAdUUDwac="
    },
    "debug": {
      "version": "4.1.1",
      "resolved": "https://artifactory.ib-ci.com/artifactory/api/npm/npm-release/debug/-/debug-4.1.1.tgz",
      "integrity": "sha1-O3ImAlUQnGtYnO4FDx1RYTlmR5E=",
      "requires": {
        "ms": "^2.1.1"
      }
    },
    "define-properties": {
      "version": "1.1.3",
      "resolved": "https://artifactory.ib-ci.com/artifactory/api/npm/npm-release/define-properties/-/define-properties-1.1.3.tgz",
      "integrity": "sha1-z4jabL7ib+bbcJT2HYcMvYTO6fE=",
      "requires": {
        "object-keys": "^1.0.12"
      }
    },
    "elastic-apm-http-client": {
      "version": "9.3.0",
      "resolved": "https://artifactory.ib-ci.com/artifactory/api/npm/npm-release/elastic-apm-http-client/-/elastic-apm-http-client-9.3.0.tgz",
      "integrity": "sha1-/Ls7TyryCdwwSsSWQ404HvGbm0Q=",
      "requires": {
        "breadth-filter": "^2.0.0",
        "container-info": "^1.0.1",
        "end-of-stream": "^1.4.4",
        "fast-safe-stringify": "^2.0.7",
        "fast-stream-to-buffer": "^1.0.0",
        "pump": "^3.0.0",
        "readable-stream": "^3.4.0",
        "stream-chopper": "^3.0.1",
        "unicode-byte-truncate": "^1.0.0"
      }
    },
    "elastic-apm-node": {
      "version": "3.3.0",
      "resolved": "https://artifactory.ib-ci.com/artifactory/api/npm/npm-release/elastic-apm-node/-/elastic-apm-node-3.3.0.tgz",
      "integrity": "sha1-wp+0KrC/LS1ykqsrZQz75lsMy7Y=",
      "requires": {
        "after-all-results": "^2.0.0",
        "async-value-promise": "^1.1.1",
        "basic-auth": "^2.0.1",
        "console-log-level": "^1.4.1",
        "cookie": "^0.4.0",
        "core-util-is": "^1.0.2",
        "elastic-apm-http-client": "^9.3.0",
        "end-of-stream": "^1.4.4",
        "fast-safe-stringify": "^2.0.7",
        "http-headers": "^3.0.2",
        "http-request-to-url": "^1.0.0",
        "is-native": "^1.0.1",
        "measured-reporting": "^1.51.1",
        "monitor-event-loop-delay": "^1.0.0",
        "object-filter-sequence": "^1.0.0",
        "object-identity-map": "^1.0.2",
        "original-url": "^1.2.3",
        "read-pkg-up": "^7.0.0",
        "redact-secrets": "^1.0.0",
        "relative-microtime": "^2.0.0",
        "require-ancestors": "^1.0.0",
        "require-in-the-middle": "^5.0.2",
        "semver": "^6.3.0",
        "set-cookie-serde": "^1.0.0",
        "shallow-clone-shim": "^2.0.0",
        "sql-summary": "^1.0.1",
        "stackman": "^4.0.0",
        "traceparent": "^1.0.0",
        "unicode-byte-truncate": "^1.0.0"
      }
    },
    "elastic-apm-node-opentracing": {
      "version": "2.0.0",
      "resolved": "https://artifactory.ib-ci.com/artifactory/api/npm/npm-release/elastic-apm-node-opentracing/-/elastic-apm-node-opentracing-2.0.0.tgz",
      "integrity": "sha1-kScaq1ofTDQkdY8GKqBskrBHli8=",
      "requires": {
        "opentracing": "^0.14.3"
      }
    },
    "end-of-stream": {
      "version": "1.4.4",
      "resolved": "https://artifactory.ib-ci.com/artifactory/api/npm/npm-release/end-of-stream/-/end-of-stream-1.4.4.tgz",
      "integrity": "sha1-WuZKX0UFe682JuwU2gyl5LJDHrA=",
      "requires": {
        "once": "^1.4.0"
      }
    },
    "error-callsites": {
      "version": "2.0.2",
      "resolved": "https://artifactory.ib-ci.com/artifactory/api/npm/npm-release/error-callsites/-/error-callsites-2.0.2.tgz",
      "integrity": "sha1-VcF6lJCoXXIVhWPxPcB4hRygWx4="
    },
    "error-ex": {
      "version": "1.3.2",
      "resolved": "https://artifactory.ib-ci.com/artifactory/api/npm/npm-release/error-ex/-/error-ex-1.3.2.tgz",
      "integrity": "sha1-tKxAZIEH/c3PriQvQovqihTU8b8=",
      "requires": {
        "is-arrayish": "^0.2.1"
      }
    },
    "es-abstract": {
      "version": "1.17.0",
      "resolved": "https://artifactory.ib-ci.com/artifactory/api/npm/npm-release/es-abstract/-/es-abstract-1.17.0.tgz",
      "integrity": "sha1-9CpRfQA2pVkduyxGNZHci7UDCbE=",
      "requires": {
        "es-to-primitive": "^1.2.1",
        "function-bind": "^1.1.1",
        "has": "^1.0.3",
        "has-symbols": "^1.0.1",
        "is-callable": "^1.1.5",
        "is-regex": "^1.0.5",
        "object-inspect": "^1.7.0",
        "object-keys": "^1.1.1",
        "object.assign": "^4.1.0",
        "string.prototype.trimleft": "^2.1.1",
        "string.prototype.trimright": "^2.1.1"
      }
    },
    "es-to-primitive": {
      "version": "1.2.1",
      "resolved": "https://artifactory.ib-ci.com/artifactory/api/npm/npm-release/es-to-primitive/-/es-to-primitive-1.2.1.tgz",
      "integrity": "sha1-5VzUyc3BiLzvsDs2bHNjI/xciYo=",
      "requires": {
        "is-callable": "^1.1.4",
        "is-date-object": "^1.0.1",
        "is-symbol": "^1.0.2"
      }
    },
    "escape-string-regexp": {
      "version": "1.0.5",
      "resolved": "https://artifactory.ib-ci.com/artifactory/api/npm/npm-release/escape-string-regexp/-/escape-string-regexp-1.0.5.tgz",
      "integrity": "sha1-G2HAViGQqN/2rjuyzwIAyhMLhtQ="
    },
    "esutils": {
      "version": "2.0.3",
      "resolved": "https://artifactory.ib-ci.com/artifactory/api/npm/npm-release/esutils/-/esutils-2.0.3.tgz",
      "integrity": "sha1-dNLrTeC42hKTcRkQ1Qd1ubcQ72Q="
    },
    "fast-safe-stringify": {
      "version": "2.0.7",
      "resolved": "https://artifactory.ib-ci.com/artifactory/api/npm/npm-release/fast-safe-stringify/-/fast-safe-stringify-2.0.7.tgz",
      "integrity": "sha1-EkqohYmSYfaK7bQqfAgN6dpgh0M="
    },
    "fast-stream-to-buffer": {
      "version": "1.0.0",
      "resolved": "https://artifactory.ib-ci.com/artifactory/api/npm/npm-release/fast-stream-to-buffer/-/fast-stream-to-buffer-1.0.0.tgz",
      "integrity": "sha1-eTNAzHU+fsnH+21XpToLkRyw9Yg=",
      "requires": {
        "end-of-stream": "^1.4.1"
      }
    },
    "find-up": {
      "version": "4.1.0",
      "resolved": "https://artifactory.ib-ci.com/artifactory/api/npm/npm-release/find-up/-/find-up-4.1.0.tgz",
      "integrity": "sha1-l6/n1s3AvFkoWEt8jXsW6KmqXRk=",
      "requires": {
        "locate-path": "^5.0.0",
        "path-exists": "^4.0.0"
      }
    },
    "forwarded-parse": {
      "version": "2.1.0",
      "resolved": "https://artifactory.ib-ci.com/artifactory/api/npm/npm-release/forwarded-parse/-/forwarded-parse-2.1.0.tgz",
      "integrity": "sha1-GunXpL46+IT3TZNthW99jGq9BDk="
    },
    "function-bind": {
      "version": "1.1.1",
      "resolved": "https://artifactory.ib-ci.com/artifactory/api/npm/npm-release/function-bind/-/function-bind-1.1.1.tgz",
      "integrity": "sha1-pWiZ0+o8m6uHS7l3O3xe3pL0iV0="
    },
    "has": {
      "version": "1.0.3",
      "resolved": "https://artifactory.ib-ci.com/artifactory/api/npm/npm-release/has/-/has-1.0.3.tgz",
      "integrity": "sha1-ci18v8H2qoJB8W3YFOAR4fQeh5Y=",
      "requires": {
        "function-bind": "^1.1.1"
      }
    },
    "has-flag": {
      "version": "3.0.0",
      "resolved": "https://artifactory.ib-ci.com/artifactory/api/npm/npm-release/has-flag/-/has-flag-3.0.0.tgz",
      "integrity": "sha1-tdRU3CGZriJWmfNGfloH87lVuv0="
    },
    "has-symbols": {
      "version": "1.0.1",
      "resolved": "https://artifactory.ib-ci.com/artifactory/api/npm/npm-release/has-symbols/-/has-symbols-1.0.1.tgz",
      "integrity": "sha1-n1IUdYpEGWxAbZvXbOv4HsLdMeg="
    },
    "hosted-git-info": {
      "version": "2.8.5",
      "resolved": "https://artifactory.ib-ci.com/artifactory/api/npm/npm-release/hosted-git-info/-/hosted-git-info-2.8.5.tgz",
      "integrity": "sha1-dZz88sTRVq3lmwst+r3cQqa5xww="
    },
    "http-headers": {
      "version": "3.0.2",
      "resolved": "https://artifactory.ib-ci.com/artifactory/api/npm/npm-release/http-headers/-/http-headers-3.0.2.tgz",
      "integrity": "sha1-UUd3EpLws51neNkwo6Wadvx+9E0=",
      "requires": {
        "next-line": "^1.1.0"
      }
    },
    "http-request-to-url": {
      "version": "1.0.0",
      "resolved": "https://artifactory.ib-ci.com/artifactory/api/npm/npm-release/http-request-to-url/-/http-request-to-url-1.0.0.tgz",
      "integrity": "sha1-5WuUGPefKdNE/tBc/ixWzLjMeaw=",
      "requires": {
        "await-event": "^2.1.0",
        "socket-location": "^1.0.0"
      }
    },
    "in-publish": {
      "version": "2.0.0",
      "resolved": "https://artifactory.ib-ci.com/artifactory/api/npm/npm-release/in-publish/-/in-publish-2.0.0.tgz",
      "integrity": "sha1-4g/146KvwmkDILbcVSaCqcf631E="
    },
    "inherits": {
      "version": "2.0.4",
      "resolved": "https://artifactory.ib-ci.com/artifactory/api/npm/npm-release/inherits/-/inherits-2.0.4.tgz",
      "integrity": "sha1-D6LGT5MpF8NDOg3tVTY6rjdBa3w="
    },
    "is-arrayish": {
      "version": "0.2.1",
      "resolved": "https://artifactory.ib-ci.com/artifactory/api/npm/npm-release/is-arrayish/-/is-arrayish-0.2.1.tgz",
      "integrity": "sha1-d8mYQFJ6qOyxqLppe4BkWnqSap0="
    },
    "is-callable": {
      "version": "1.1.5",
      "resolved": "https://artifactory.ib-ci.com/artifactory/api/npm/npm-release/is-callable/-/is-callable-1.1.5.tgz",
      "integrity": "sha1-9+RrWWiQRW23Tn9ul2yzJz0G+qs="
    },
    "is-date-object": {
      "version": "1.0.2",
      "resolved": "https://artifactory.ib-ci.com/artifactory/api/npm/npm-release/is-date-object/-/is-date-object-1.0.2.tgz",
      "integrity": "sha1-vac28s2P0G0yhE53Q7+nSUw7/X4="
    },
    "is-finite": {
      "version": "1.0.2",
      "resolved": "https://artifactory.ib-ci.com/artifactory/api/npm/npm-release/is-finite/-/is-finite-1.0.2.tgz",
      "integrity": "sha1-zGZ3aVYCvlUO8R6LSqYwU0K20Ko=",
      "requires": {
        "number-is-nan": "^1.0.0"
      }
    },
    "is-integer": {
      "version": "1.0.7",
      "resolved": "https://artifactory.ib-ci.com/artifactory/api/npm/npm-release/is-integer/-/is-integer-1.0.7.tgz",
      "integrity": "sha1-a96Bqs3feLZZtmKdYpytxRqIbVw=",
      "requires": {
        "is-finite": "^1.0.0"
      }
    },
    "is-native": {
      "version": "1.0.1",
      "resolved": "https://artifactory.ib-ci.com/artifactory/api/npm/npm-release/is-native/-/is-native-1.0.1.tgz",
      "integrity": "sha1-zRjMFi6EUNaDtbq+eayZwUVElnU=",
      "requires": {
        "is-nil": "^1.0.0",
        "to-source-code": "^1.0.0"
      }
    },
    "is-nil": {
      "version": "1.0.1",
      "resolved": "https://artifactory.ib-ci.com/artifactory/api/npm/npm-release/is-nil/-/is-nil-1.0.1.tgz",
      "integrity": "sha1-LauingtYUGOHXntTnQcfWxWTeWk="
    },
    "is-regex": {
      "version": "1.0.5",
      "resolved": "https://artifactory.ib-ci.com/artifactory/api/npm/npm-release/is-regex/-/is-regex-1.0.5.tgz",
      "integrity": "sha1-OdWJo1i/GJZ/cmlnEguPwa7XTq4=",
      "requires": {
        "has": "^1.0.3"
      }
    },
    "is-secret": {
      "version": "1.2.1",
      "resolved": "https://artifactory.ib-ci.com/artifactory/api/npm/npm-release/is-secret/-/is-secret-1.2.1.tgz",
      "integrity": "sha1-BLnKGIDqdjBJYGz+bCoIqT8zq+M="
    },
    "is-symbol": {
      "version": "1.0.3",
      "resolved": "https://artifactory.ib-ci.com/artifactory/api/npm/npm-release/is-symbol/-/is-symbol-1.0.3.tgz",
      "integrity": "sha1-OOEBS55jKb4N6dJKQU/XRB7GGTc=",
      "requires": {
        "has-symbols": "^1.0.1"
      }
    },
    "js-tokens": {
      "version": "4.0.0",
      "resolved": "https://artifactory.ib-ci.com/artifactory/api/npm/npm-release/js-tokens/-/js-tokens-4.0.0.tgz",
      "integrity": "sha1-GSA/tZmR35jjoocFDUZHzerzJJk="
    },
    "json-parse-better-errors": {
      "version": "1.0.2",
      "resolved": "https://artifactory.ib-ci.com/artifactory/api/npm/npm-release/json-parse-better-errors/-/json-parse-better-errors-1.0.2.tgz",
      "integrity": "sha1-u4Z8+zRQ5pEHwTHRxRS6s9yLyqk="
    },
    "lines-and-columns": {
      "version": "1.1.6",
      "resolved": "https://artifactory.ib-ci.com/artifactory/api/npm/npm-release/lines-and-columns/-/lines-and-columns-1.1.6.tgz",
      "integrity": "sha1-HADHQ7QzzQpOgHWPe2SldEDZ/wA="
    },
    "load-source-map": {
      "version": "1.0.0",
      "resolved": "https://artifactory.ib-ci.com/artifactory/api/npm/npm-release/load-source-map/-/load-source-map-1.0.0.tgz",
      "integrity": "sha1-MY9JkFzopwnft8w/FvPv47zx3QU=",
      "requires": {
        "in-publish": "^2.0.0",
        "semver": "^5.3.0",
        "source-map": "^0.5.6"
      },
      "dependencies": {
        "semver": {
          "version": "5.7.1",
          "resolved": "https://artifactory.ib-ci.com/artifactory/api/npm/npm-release/semver/-/semver-5.7.1.tgz",
          "integrity": "sha1-qVT5Ma66UI0we78Gnv8MAclhFvc="
        }
      }
    },
    "locate-path": {
      "version": "5.0.0",
      "resolved": "https://artifactory.ib-ci.com/artifactory/api/npm/npm-release/locate-path/-/locate-path-5.0.0.tgz",
      "integrity": "sha1-Gvujlq/WdqbUJQTQpno6frn2KqA=",
      "requires": {
        "p-locate": "^4.1.0"
      }
    },
    "lru-cache": {
      "version": "4.1.5",
      "resolved": "https://artifactory.ib-ci.com/artifactory/api/npm/npm-release/lru-cache/-/lru-cache-4.1.5.tgz",
      "integrity": "sha1-i75Q6oW+1ZvJ4z3KuCNe6bz0Q80=",
      "requires": {
        "pseudomap": "^1.0.2",
        "yallist": "^2.1.2"
      }
    },
    "mapcap": {
      "version": "1.0.0",
      "resolved": "https://artifactory.ib-ci.com/artifactory/api/npm/npm-release/mapcap/-/mapcap-1.0.0.tgz",
      "integrity": "sha1-6OKdBKFg6vjJLsS8vSxdB+0Dflo="
    },
    "measured-core": {
      "version": "1.51.1",
      "resolved": "https://artifactory.ib-ci.com/artifactory/api/npm/npm-release/measured-core/-/measured-core-1.51.1.tgz",
      "integrity": "sha1-mJiXBcAL+w2KIOZlqfjW4kakBRg=",
      "requires": {
        "binary-search": "^1.3.3",
        "optional-js": "^2.0.0"
      }
    },
    "measured-reporting": {
      "version": "1.51.1",
      "resolved": "https://artifactory.ib-ci.com/artifactory/api/npm/npm-release/measured-reporting/-/measured-reporting-1.51.1.tgz",
      "integrity": "sha1-ausgmtVe3zlA6K+nXI+X9UEhazE=",
      "requires": {
        "console-log-level": "^1.4.1",
        "mapcap": "^1.0.0",
        "measured-core": "^1.51.1",
        "optional-js": "^2.0.0"
      }
    },
    "module-details-from-path": {
      "version": "1.0.3",
      "resolved": "https://artifactory.ib-ci.com/artifactory/api/npm/npm-release/module-details-from-path/-/module-details-from-path-1.0.3.tgz",
      "integrity": "sha1-EUyUlnPiqKNenTV4hSeqN7Z52is="
    },
    "monitor-event-loop-delay": {
      "version": "1.0.0",
      "resolved": "https://artifactory.ib-ci.com/artifactory/api/npm/npm-release/monitor-event-loop-delay/-/monitor-event-loop-delay-1.0.0.tgz",
      "integrity": "sha1-tat4Flo7uT8rJ1xQ0BQwx/FV0fc="
    },
    "ms": {
      "version": "2.1.2",
      "resolved": "https://artifactory.ib-ci.com/artifactory/api/npm/npm-release/ms/-/ms-2.1.2.tgz",
      "integrity": "sha1-0J0fNXtEP0kzgqjrPM0YOHKuYAk="
    },
    "next-line": {
      "version": "1.1.0",
      "resolved": "https://artifactory.ib-ci.com/artifactory/api/npm/npm-release/next-line/-/next-line-1.1.0.tgz",
      "integrity": "sha1-/K5XhTBStqm66CCOQN19PC0wRgM="
    },
    "normalize-package-data": {
      "version": "2.5.0",
      "resolved": "https://artifactory.ib-ci.com/artifactory/api/npm/npm-release/normalize-package-data/-/normalize-package-data-2.5.0.tgz",
      "integrity": "sha1-5m2xg4sgDB38IzIl0SyzZSDiNKg=",
      "requires": {
        "hosted-git-info": "^2.1.4",
        "resolve": "^1.10.0",
        "semver": "2 || 3 || 4 || 5",
        "validate-npm-package-license": "^3.0.1"
      },
      "dependencies": {
        "semver": {
          "version": "5.7.1",
          "resolved": "https://artifactory.ib-ci.com/artifactory/api/npm/npm-release/semver/-/semver-5.7.1.tgz",
          "integrity": "sha1-qVT5Ma66UI0we78Gnv8MAclhFvc="
        }
      }
    },
    "number-is-nan": {
      "version": "1.0.1",
      "resolved": "https://artifactory.ib-ci.com/artifactory/api/npm/npm-release/number-is-nan/-/number-is-nan-1.0.1.tgz",
      "integrity": "sha1-CXtgK1NCKlIsGvuHkDGDNpQaAR0="
    },
    "object-filter-sequence": {
      "version": "1.0.0",
      "resolved": "https://artifactory.ib-ci.com/artifactory/api/npm/npm-release/object-filter-sequence/-/object-filter-sequence-1.0.0.tgz",
      "integrity": "sha1-ELsFQC//EACCuA1+g5kbENtBFpI="
    },
    "object-identity-map": {
      "version": "1.0.2",
      "resolved": "https://artifactory.ib-ci.com/artifactory/api/npm/npm-release/object-identity-map/-/object-identity-map-1.0.2.tgz",
      "integrity": "sha1-K0ITpChco6jNLmlngsmWT4h1JOc=",
      "requires": {
        "object.entries": "^1.1.0"
      }
    },
    "object-inspect": {
      "version": "1.7.0",
      "resolved": "https://artifactory.ib-ci.com/artifactory/api/npm/npm-release/object-inspect/-/object-inspect-1.7.0.tgz",
      "integrity": "sha1-9Pa9GBrXfwBrXs5gvQtvOY/3Smc="
    },
    "object-keys": {
      "version": "1.1.1",
      "resolved": "https://artifactory.ib-ci.com/artifactory/api/npm/npm-release/object-keys/-/object-keys-1.1.1.tgz",
      "integrity": "sha1-HEfyct8nfzsdrwYWd9nILiMixg4="
    },
    "object.assign": {
      "version": "4.1.0",
      "resolved": "https://artifactory.ib-ci.com/artifactory/api/npm/npm-release/object.assign/-/object.assign-4.1.0.tgz",
      "integrity": "sha1-lovxEA15Vrs8oIbwBvhGs7xACNo=",
      "requires": {
        "define-properties": "^1.1.2",
        "function-bind": "^1.1.1",
        "has-symbols": "^1.0.0",
        "object-keys": "^1.0.11"
      }
    },
    "object.entries": {
      "version": "1.1.1",
      "resolved": "https://artifactory.ib-ci.com/artifactory/api/npm/npm-release/object.entries/-/object.entries-1.1.1.tgz",
      "integrity": "sha1-7hzwQVPeArsJP+wzaDkA9XzlOZs=",
      "requires": {
        "define-properties": "^1.1.3",
        "es-abstract": "^1.17.0-next.1",
        "function-bind": "^1.1.1",
        "has": "^1.0.3"
      }
    },
    "once": {
      "version": "1.4.0",
      "resolved": "https://artifactory.ib-ci.com/artifactory/api/npm/npm-release/once/-/once-1.4.0.tgz",
      "integrity": "sha1-WDsap3WWHUsROsF9nFC6753Xa9E=",
      "requires": {
        "wrappy": "1"
      }
    },
    "opentracing": {
      "version": "0.14.4",
      "resolved": "https://artifactory.ib-ci.com/artifactory/api/npm/npm-release/opentracing/-/opentracing-0.14.4.tgz",
      "integrity": "sha1-oRNAjqdA2jqQ/eWzsAEaN1wuQmg="
    },
    "optional-js": {
      "version": "2.1.1",
      "resolved": "https://artifactory.ib-ci.com/artifactory/api/npm/npm-release/optional-js/-/optional-js-2.1.1.tgz",
      "integrity": "sha1-wtxRmtEZZIUQtNJB27YLEWfDakY="
    },
    "original-url": {
      "version": "1.2.3",
      "resolved": "https://artifactory.ib-ci.com/artifactory/api/npm/npm-release/original-url/-/original-url-1.2.3.tgz",
      "integrity": "sha1-Ezr/Sy0n44qY1zb3YpxWJitxU+E=",
      "requires": {
        "forwarded-parse": "^2.1.0"
      }
    },
    "p-limit": {
      "version": "2.2.2",
      "resolved": "https://artifactory.ib-ci.com/artifactory/api/npm/npm-release/p-limit/-/p-limit-2.2.2.tgz",
      "integrity": "sha1-YSebZ3IfUoeqHBOpp/u8SMkpGx4=",
      "requires": {
        "p-try": "^2.0.0"
      }
    },
    "p-locate": {
      "version": "4.1.0",
      "resolved": "https://artifactory.ib-ci.com/artifactory/api/npm/npm-release/p-locate/-/p-locate-4.1.0.tgz",
      "integrity": "sha1-o0KLtwiLOmApL2aRkni3wpetTwc=",
      "requires": {
        "p-limit": "^2.2.0"
      }
    },
    "p-try": {
      "version": "2.2.0",
      "resolved": "https://artifactory.ib-ci.com/artifactory/api/npm/npm-release/p-try/-/p-try-2.2.0.tgz",
      "integrity": "sha1-yyhoVA4xPWHeWPr741zpAE1VQOY="
    },
    "parse-json": {
      "version": "5.0.0",
      "resolved": "https://artifactory.ib-ci.com/artifactory/api/npm/npm-release/parse-json/-/parse-json-5.0.0.tgz",
      "integrity": "sha1-c+URTJhtFD76NxLU6iTbmkJm9g8=",
      "requires": {
        "@babel/code-frame": "^7.0.0",
        "error-ex": "^1.3.1",
        "json-parse-better-errors": "^1.0.1",
        "lines-and-columns": "^1.1.6"
      }
    },
    "path-exists": {
      "version": "4.0.0",
      "resolved": "https://artifactory.ib-ci.com/artifactory/api/npm/npm-release/path-exists/-/path-exists-4.0.0.tgz",
      "integrity": "sha1-UTvb4tO5XXdi6METfvoZXGxhtbM="
    },
    "path-parse": {
      "version": "1.0.6",
      "resolved": "https://artifactory.ib-ci.com/artifactory/api/npm/npm-release/path-parse/-/path-parse-1.0.6.tgz",
      "integrity": "sha1-1i27VnlAXXLEc37FhgDp3c8G0kw="
    },
    "pseudomap": {
      "version": "1.0.2",
      "resolved": "https://artifactory.ib-ci.com/artifactory/api/npm/npm-release/pseudomap/-/pseudomap-1.0.2.tgz",
      "integrity": "sha1-8FKijacOYYkX7wqKw0wa5aaChrM="
    },
    "pump": {
      "version": "3.0.0",
      "resolved": "https://artifactory.ib-ci.com/artifactory/api/npm/npm-release/pump/-/pump-3.0.0.tgz",
      "integrity": "sha1-tKIRaBW94vTh6mAjVOjHVWUQemQ=",
      "requires": {
        "end-of-stream": "^1.1.0",
        "once": "^1.3.1"
      }
    },
    "random-poly-fill": {
      "version": "1.0.1",
      "resolved": "https://artifactory.ib-ci.com/artifactory/api/npm/npm-release/random-poly-fill/-/random-poly-fill-1.0.1.tgz",
      "integrity": "sha1-E2NNwCVaMez4XUoYLZLED5u89e0="
    },
    "read-pkg": {
      "version": "5.2.0",
      "resolved": "https://artifactory.ib-ci.com/artifactory/api/npm/npm-release/read-pkg/-/read-pkg-5.2.0.tgz",
      "integrity": "sha1-e/KVQ4yloz5WzTDgU7NO5yUMk8w=",
      "requires": {
        "@types/normalize-package-data": "^2.4.0",
        "normalize-package-data": "^2.5.0",
        "parse-json": "^5.0.0",
        "type-fest": "^0.6.0"
      },
      "dependencies": {
        "type-fest": {
          "version": "0.6.0",
          "resolved": "https://artifactory.ib-ci.com/artifactory/api/npm/npm-release/type-fest/-/type-fest-0.6.0.tgz",
          "integrity": "sha1-jSojcNPfiG61yQraHFv2GIrPg4s="
        }
      }
    },
    "read-pkg-up": {
      "version": "7.0.1",
      "resolved": "https://artifactory.ib-ci.com/artifactory/api/npm/npm-release/read-pkg-up/-/read-pkg-up-7.0.1.tgz",
      "integrity": "sha1-86YTV1hFlzOuK5VjgFbhhU5+9Qc=",
      "requires": {
        "find-up": "^4.1.0",
        "read-pkg": "^5.2.0",
        "type-fest": "^0.8.1"
      }
    },
    "readable-stream": {
      "version": "3.4.0",
      "resolved": "https://artifactory.ib-ci.com/artifactory/api/npm/npm-release/readable-stream/-/readable-stream-3.4.0.tgz",
      "integrity": "sha1-pRwmdUZY4KPCHb9ZFjvUW6b0R/w=",
      "requires": {
        "inherits": "^2.0.3",
        "string_decoder": "^1.1.1",
        "util-deprecate": "^1.0.1"
      }
    },
    "redact-secrets": {
      "version": "1.0.0",
      "resolved": "https://artifactory.ib-ci.com/artifactory/api/npm/npm-release/redact-secrets/-/redact-secrets-1.0.0.tgz",
      "integrity": "sha1-YPHbVpJP6QogO6jMs5KDzbsNkHw=",
      "requires": {
        "is-secret": "^1.0.0",
        "traverse": "^0.6.6"
      }
    },
    "relative-microtime": {
      "version": "2.0.0",
      "resolved": "https://artifactory.ib-ci.com/artifactory/api/npm/npm-release/relative-microtime/-/relative-microtime-2.0.0.tgz",
      "integrity": "sha1-zO7SrwlezXLqMgESeceeX8x94ps="
    },
    "require-ancestors": {
      "version": "1.0.0",
      "resolved": "https://artifactory.ib-ci.com/artifactory/api/npm/npm-release/require-ancestors/-/require-ancestors-1.0.0.tgz",
      "integrity": "sha1-gHgx+PgIH7EoY9qB3bFcjypzoAQ="
    },
    "require-in-the-middle": {
      "version": "5.0.2",
      "resolved": "https://artifactory.ib-ci.com/artifactory/api/npm/npm-release/require-in-the-middle/-/require-in-the-middle-5.0.2.tgz",
      "integrity": "sha1-zjWTAHphWDs5zNzSwWeioybGcLI=",
      "requires": {
        "debug": "^4.1.1",
        "module-details-from-path": "^1.0.3",
        "resolve": "^1.12.0"
      }
    },
    "resolve": {
      "version": "1.14.2",
      "resolved": "https://artifactory.ib-ci.com/artifactory/api/npm/npm-release/resolve/-/resolve-1.14.2.tgz",
      "integrity": "sha1-2/MdD6mLHymqUWl4O5wpDLhl/qI=",
      "requires": {
        "path-parse": "^1.0.6"
      }
    },
    "safe-buffer": {
      "version": "5.1.2",
      "resolved": "https://artifactory.ib-ci.com/artifactory/api/npm/npm-release/safe-buffer/-/safe-buffer-5.1.2.tgz",
      "integrity": "sha1-mR7GnSluAxN0fVm9/St0XDX4go0="
    },
    "semver": {
      "version": "6.3.0",
      "resolved": "https://artifactory.ib-ci.com/artifactory/api/npm/npm-release/semver/-/semver-6.3.0.tgz",
      "integrity": "sha1-7gpkyK9ejO6mdoexM3YeG+y9HT0="
    },
    "set-cookie-serde": {
      "version": "1.0.0",
      "resolved": "https://artifactory.ib-ci.com/artifactory/api/npm/npm-release/set-cookie-serde/-/set-cookie-serde-1.0.0.tgz",
      "integrity": "sha1-vPnCYO0iEqxABaU+rLqqN8B6xFI="
    },
    "shallow-clone-shim": {
      "version": "2.0.0",
      "resolved": "https://artifactory.ib-ci.com/artifactory/api/npm/npm-release/shallow-clone-shim/-/shallow-clone-shim-2.0.0.tgz",
      "integrity": "sha1-tiv1Wu159MFDDqHcTSk6GT9Sz5E="
    },
    "socket-location": {
      "version": "1.0.0",
      "resolved": "https://artifactory.ib-ci.com/artifactory/api/npm/npm-release/socket-location/-/socket-location-1.0.0.tgz",
      "integrity": "sha1-bwxviRyaYcmnUCZcFJIdEhltJm8=",
      "requires": {
        "await-event": "^2.1.0"
      }
    },
    "source-map": {
      "version": "0.5.7",
      "resolved": "https://artifactory.ib-ci.com/artifactory/api/npm/npm-release/source-map/-/source-map-0.5.7.tgz",
      "integrity": "sha1-igOdLRAh0i0eoUyA2OpGi6LvP8w="
    },
    "spdx-correct": {
      "version": "3.1.0",
      "resolved": "https://artifactory.ib-ci.com/artifactory/api/npm/npm-release/spdx-correct/-/spdx-correct-3.1.0.tgz",
      "integrity": "sha1-+4PlBERSaPFUsHTiGMh8ADzTHfQ=",
      "requires": {
        "spdx-expression-parse": "^3.0.0",
        "spdx-license-ids": "^3.0.0"
      }
    },
    "spdx-exceptions": {
      "version": "2.2.0",
      "resolved": "https://artifactory.ib-ci.com/artifactory/api/npm/npm-release/spdx-exceptions/-/spdx-exceptions-2.2.0.tgz",
      "integrity": "sha1-LqRQrudPKom/uUUZwH/Nb0EyKXc="
    },
    "spdx-expression-parse": {
      "version": "3.0.0",
      "resolved": "https://artifactory.ib-ci.com/artifactory/api/npm/npm-release/spdx-expression-parse/-/spdx-expression-parse-3.0.0.tgz",
      "integrity": "sha1-meEZt6XaAOBUkcn6M4t5BII7QdA=",
      "requires": {
        "spdx-exceptions": "^2.1.0",
        "spdx-license-ids": "^3.0.0"
      }
    },
    "spdx-license-ids": {
      "version": "3.0.5",
      "resolved": "https://artifactory.ib-ci.com/artifactory/api/npm/npm-release/spdx-license-ids/-/spdx-license-ids-3.0.5.tgz",
      "integrity": "sha1-NpS1gEVnpFjTyARYQqY1hjL2JlQ="
    },
    "sql-summary": {
      "version": "1.0.1",
      "resolved": "https://artifactory.ib-ci.com/artifactory/api/npm/npm-release/sql-summary/-/sql-summary-1.0.1.tgz",
      "integrity": "sha1-ot3bVDW64pTrEUJKczDcW6/gnCs="
    },
    "stackman": {
      "version": "4.0.0",
      "resolved": "https://artifactory.ib-ci.com/artifactory/api/npm/npm-release/stackman/-/stackman-4.0.0.tgz",
      "integrity": "sha1-PM3IaC/uNjc+0kktw9rVRutEZH0=",
      "requires": {
        "after-all-results": "^2.0.0",
        "async-cache": "^1.1.0",
        "debug": "^4.1.1",
        "error-callsites": "^2.0.2",
        "load-source-map": "^1.0.0"
      }
    },
    "stream-chopper": {
      "version": "3.0.1",
      "resolved": "https://artifactory.ib-ci.com/artifactory/api/npm/npm-release/stream-chopper/-/stream-chopper-3.0.1.tgz",
      "integrity": "sha1-c3ka57+VTCl9ZoOuwXhkjvxh3XU=",
      "requires": {
        "readable-stream": "^3.0.6"
      }
    },
    "string.prototype.trimleft": {
      "version": "2.1.1",
      "resolved": "https://artifactory.ib-ci.com/artifactory/api/npm/npm-release/string.prototype.trimleft/-/string.prototype.trimleft-2.1.1.tgz",
      "integrity": "sha1-m9uKxqvW1gKxek7TIYcNL43O/HQ=",
      "requires": {
        "define-properties": "^1.1.3",
        "function-bind": "^1.1.1"
      }
    },
    "string.prototype.trimright": {
      "version": "2.1.1",
      "resolved": "https://artifactory.ib-ci.com/artifactory/api/npm/npm-release/string.prototype.trimright/-/string.prototype.trimright-2.1.1.tgz",
      "integrity": "sha1-RAMUsVmWyGbOigNBiU1FGGIAxdk=",
      "requires": {
        "define-properties": "^1.1.3",
        "function-bind": "^1.1.1"
      }
    },
    "string_decoder": {
      "version": "1.3.0",
      "resolved": "https://artifactory.ib-ci.com/artifactory/api/npm/npm-release/string_decoder/-/string_decoder-1.3.0.tgz",
      "integrity": "sha1-QvEUWUpGzxqOMLCoT1bHjD7awh4=",
      "requires": {
        "safe-buffer": "~5.2.0"
      },
      "dependencies": {
        "safe-buffer": {
          "version": "5.2.0",
          "resolved": "https://artifactory.ib-ci.com/artifactory/api/npm/npm-release/safe-buffer/-/safe-buffer-5.2.0.tgz",
          "integrity": "sha1-t02uxJsRSPiMZLaNSbHoFcHy9Rk="
        }
      }
    },
    "supports-color": {
      "version": "5.5.0",
      "resolved": "https://artifactory.ib-ci.com/artifactory/api/npm/npm-release/supports-color/-/supports-color-5.5.0.tgz",
      "integrity": "sha1-4uaaRKyHcveKHsCzW2id9lMO/I8=",
      "requires": {
        "has-flag": "^3.0.0"
      }
    },
    "to-source-code": {
      "version": "1.0.2",
      "resolved": "https://artifactory.ib-ci.com/artifactory/api/npm/npm-release/to-source-code/-/to-source-code-1.0.2.tgz",
      "integrity": "sha1-3RNr2x4dvYC76s8IiZJnjpBwv+o=",
      "requires": {
        "is-nil": "^1.0.0"
      }
    },
    "traceparent": {
      "version": "1.0.0",
      "resolved": "https://artifactory.ib-ci.com/artifactory/api/npm/npm-release/traceparent/-/traceparent-1.0.0.tgz",
      "integrity": "sha1-mxREXN/lwZ8CPxwE0knD2OADpc4=",
      "requires": {
        "random-poly-fill": "^1.0.1"
      }
    },
    "traverse": {
      "version": "0.6.6",
      "resolved": "https://artifactory.ib-ci.com/artifactory/api/npm/npm-release/traverse/-/traverse-0.6.6.tgz",
      "integrity": "sha1-y99WD9e5r2MlAv7UD5GMFX6pcTc="
    },
    "type-fest": {
      "version": "0.8.1",
      "resolved": "https://artifactory.ib-ci.com/artifactory/api/npm/npm-release/type-fest/-/type-fest-0.8.1.tgz",
      "integrity": "sha1-CeJJ696FHTseSNJ8EFREZn8XuD0="
    },
    "unicode-byte-truncate": {
      "version": "1.0.0",
      "resolved": "https://artifactory.ib-ci.com/artifactory/api/npm/npm-release/unicode-byte-truncate/-/unicode-byte-truncate-1.0.0.tgz",
      "integrity": "sha1-qm8PNHUZP+IMMgrJIT425i6HZKc=",
      "requires": {
        "is-integer": "^1.0.6",
        "unicode-substring": "^0.1.0"
      }
    },
    "unicode-substring": {
      "version": "0.1.0",
      "resolved": "https://artifactory.ib-ci.com/artifactory/api/npm/npm-release/unicode-substring/-/unicode-substring-0.1.0.tgz",
      "integrity": "sha1-YSDOPDkDhdvND2DDK5BlxBgdSzY="
    },
    "util-deprecate": {
      "version": "1.0.2",
      "resolved": "https://artifactory.ib-ci.com/artifactory/api/npm/npm-release/util-deprecate/-/util-deprecate-1.0.2.tgz",
      "integrity": "sha1-RQ1Nyfpw3nMnYvvS1KKJgUGaDM8="
    },
    "validate-npm-package-license": {
      "version": "3.0.4",
      "resolved": "https://artifactory.ib-ci.com/artifactory/api/npm/npm-release/validate-npm-package-license/-/validate-npm-package-license-3.0.4.tgz",
      "integrity": "sha1-/JH2uce6FchX9MssXe/uw51PQQo=",
      "requires": {
        "spdx-correct": "^3.0.0",
        "spdx-expression-parse": "^3.0.0"
      }
    },
    "wrappy": {
      "version": "1.0.2",
      "resolved": "https://artifactory.ib-ci.com/artifactory/api/npm/npm-release/wrappy/-/wrappy-1.0.2.tgz",
      "integrity": "sha1-tSQ9jz7BqjXxNkYFvA0QNuMKtp8="
    },
    "yallist": {
      "version": "2.1.2",
      "resolved": "https://artifactory.ib-ci.com/artifactory/api/npm/npm-release/yallist/-/yallist-2.1.2.tgz",
      "integrity": "sha1-HBH5IY8HYImkfdUS+TxmmaaoHVI="
    }
  }
}
